
Microsoft Visual Studio Solution File, Format Version 12.00
# Visual Studio 15
VisualStudioVersion = 15.0.27703.2047
MinimumVisualStudioVersion = 10.0.40219.1
Project("{E24C65DC-7377-472B-9ABA-BC803B73C61A}") = "GeoSupport", "GeoSupport\", "{8AEDF742-927B-4E0B-8084-8CAD44668E44}"
	ProjectSection(WebsiteProperties) = preProject
		TargetFrameworkMoniker = ".NETFramework,Version%3Dv4.6.1"
		Debug.AspNetCompiler.VirtualPath = "/localhost_24944"
		Debug.AspNetCompiler.PhysicalPath = "GeoSupport\"
		Debug.AspNetCompiler.TargetPath = "PrecompiledWeb\localhost_24944\"
		Debug.AspNetCompiler.Updateable = "true"
		Debug.AspNetCompiler.ForceOverwrite = "true"
		Debug.AspNetCompiler.FixedNames = "false"
		Debug.AspNetCompiler.Debug = "True"
		Release.AspNetCompiler.VirtualPath = "/localhost_24944"
		Release.AspNetCompiler.PhysicalPath = "GeoSupport\"
		Release.AspNetCompiler.TargetPath = "PrecompiledWeb\localhost_24944\"
		Release.AspNetCompiler.Updateable = "true"
		Release.AspNetCompiler.ForceOverwrite = "true"
		Release.AspNetCompiler.FixedNames = "false"
		Release.AspNetCompiler.Debug = "False"
		VWDPort = "24944"
		SlnRelativePath = "GeoSupport\"
		DefaultWebSiteLanguage = "Visual C#"
	EndProjectSection
EndProject
Global
	GlobalSection(SolutionConfigurationPlatforms) = preSolution
		Debug|Any CPU = Debug|Any CPU
		Release|Any CPU = Release|Any CPU
	EndGlobalSection
	GlobalSection(ProjectConfigurationPlatforms) = postSolution
		{8AEDF742-927B-4E0B-8084-8CAD44668E44}.Debug|Any CPU.ActiveCfg = Debug|Any CPU
		{8AEDF742-927B-4E0B-8084-8CAD44668E44}.Debug|Any CPU.Build.0 = Debug|Any CPU
		{8AEDF742-927B-4E0B-8084-8CAD44668E44}.Release|Any CPU.ActiveCfg = Debug|Any CPU
		{8AEDF742-927B-4E0B-8084-8CAD44668E44}.Release|Any CPU.Build.0 = Debug|Any CPU
	EndGlobalSection
	GlobalSection(SolutionProperties) = preSolution
		HideSolutionNode = FALSE
	EndGlobalSection
	GlobalSection(ExtensibilityGlobals) = postSolution
		SolutionGuid = {3A34EEB2-12E4-477E-85F3-520913477BF1}
	EndGlobalSection
EndGlobal
